
Microsoft Visual Studio Solution File, Format Version 12.00
# Visual Studio 15
VisualStudioVersion = 15.0.27130.2010
MinimumVisualStudioVersion = 10.0.40219.1
Project("{FAE04EC0-301F-11D3-BF4B-00C04F79EFBC}") = "NotSonic", "NotSonic.csproj", "{1A8CC629-2769-4EFB-B1FB-2577F2F2C710}"
EndProject
Project("{FAE04EC0-301F-11D3-BF4B-00C04F79EFBC}") = "TiledSharp", "..\TiledSharp\TiledSharp\TiledSharp.csproj", "{E4130F8D-D301-4E0C-916D-489C4A23C9B1}"
EndProject
Project("{FAE04EC0-301F-11D3-BF4B-00C04F79EFBC}") = "Otter", "..\Otter\Otter\Otter.csproj", "{236485C2-A7BA-4DCD-808A-B3A634764402}"
EndProject
Global
	GlobalSection(SolutionConfigurationPlatforms) = preSolution
		Debug|Any CPU = Debug|Any CPU
		Debug|Mixed Platforms = Debug|Mixed Platforms
		Debug|x64 = Debug|x64
		Debug|x86 = Debug|x86
		Release|Any CPU = Release|Any CPU
		Release|Mixed Platforms = Release|Mixed Platforms
		Release|x64 = Release|x64
		Release|x86 = Release|x86
	EndGlobalSection
	GlobalSection(ProjectConfigurationPlatforms) = postSolution
		{1A8CC629-2769-4EFB-B1FB-2577F2F2C710}.Debug|Any CPU.ActiveCfg = Debug|Any CPU
		{1A8CC629-2769-4EFB-B1FB-2577F2F2C710}.Debug|Any CPU.Build.0 = Debug|Any CPU
		{1A8CC629-2769-4EFB-B1FB-2577F2F2C710}.Debug|Mixed Platforms.ActiveCfg = Debug|Any CPU
		{1A8CC629-2769-4EFB-B1FB-2577F2F2C710}.Debug|Mixed Platforms.Build.0 = Debug|Any CPU
		{1A8CC629-2769-4EFB-B1FB-2577F2F2C710}.Debug|x64.ActiveCfg = Debug|x64
		{1A8CC629-2769-4EFB-B1FB-2577F2F2C710}.Debug|x64.Build.0 = Debug|x64
		{1A8CC629-2769-4EFB-B1FB-2577F2F2C710}.Debug|x86.ActiveCfg = Debug|Any CPU
		{1A8CC629-2769-4EFB-B1FB-2577F2F2C710}.Debug|x86.Build.0 = Debug|Any CPU
		{1A8CC629-2769-4EFB-B1FB-2577F2F2C710}.Release|Any CPU.ActiveCfg = Release|Any CPU
		{1A8CC629-2769-4EFB-B1FB-2577F2F2C710}.Release|Any CPU.Build.0 = Release|Any CPU
		{1A8CC629-2769-4EFB-B1FB-2577F2F2C710}.Release|Mixed Platforms.ActiveCfg = Release|Any CPU
		{1A8CC629-2769-4EFB-B1FB-2577F2F2C710}.Release|Mixed Platforms.Build.0 = Release|Any CPU
		{1A8CC629-2769-4EFB-B1FB-2577F2F2C710}.Release|x64.ActiveCfg = Release|x64
		{1A8CC629-2769-4EFB-B1FB-2577F2F2C710}.Release|x64.Build.0 = Release|x64
		{1A8CC629-2769-4EFB-B1FB-2577F2F2C710}.Release|x86.ActiveCfg = Release|Any CPU
		{E4130F8D-D301-4E0C-916D-489C4A23C9B1}.Debug|Any CPU.ActiveCfg = Debug|Any CPU
		{E4130F8D-D301-4E0C-916D-489C4A23C9B1}.Debug|Any CPU.Build.0 = Debug|Any CPU
		{E4130F8D-D301-4E0C-916D-489C4A23C9B1}.Debug|Mixed Platforms.ActiveCfg = Debug|Any CPU
		{E4130F8D-D301-4E0C-916D-489C4A23C9B1}.Debug|Mixed Platforms.Build.0 = Debug|Any CPU
		{E4130F8D-D301-4E0C-916D-489C4A23C9B1}.Debug|x64.ActiveCfg = Debug|x64
		{E4130F8D-D301-4E0C-916D-489C4A23C9B1}.Debug|x64.Build.0 = Debug|x64
		{E4130F8D-D301-4E0C-916D-489C4A23C9B1}.Debug|x86.ActiveCfg = Debug|x64
		{E4130F8D-D301-4E0C-916D-489C4A23C9B1}.Debug|x86.Build.0 = Debug|x64
		{E4130F8D-D301-4E0C-916D-489C4A23C9B1}.Release|Any CPU.ActiveCfg = Release|Any CPU
		{E4130F8D-D301-4E0C-916D-489C4A23C9B1}.Release|Any CPU.Build.0 = Release|Any CPU
		{E4130F8D-D301-4E0C-916D-489C4A23C9B1}.Release|Mixed Platforms.ActiveCfg = Release|Any CPU
		{E4130F8D-D301-4E0C-916D-489C4A23C9B1}.Release|Mixed Platforms.Build.0 = Release|Any CPU
		{E4130F8D-D301-4E0C-916D-489C4A23C9B1}.Release|x64.ActiveCfg = Release|x64
		{E4130F8D-D301-4E0C-916D-489C4A23C9B1}.Release|x64.Build.0 = Release|x64
		{E4130F8D-D301-4E0C-916D-489C4A23C9B1}.Release|x86.ActiveCfg = Release|Any CPU
		{236485C2-A7BA-4DCD-808A-B3A634764402}.Debug|Any CPU.ActiveCfg = Debug|x86
		{236485C2-A7BA-4DCD-808A-B3A634764402}.Debug|Any CPU.Build.0 = Debug|x86
		{236485C2-A7BA-4DCD-808A-B3A634764402}.Debug|Mixed Platforms.ActiveCfg = Debug|x86
		{236485C2-A7BA-4DCD-808A-B3A634764402}.Debug|Mixed Platforms.Build.0 = Debug|x86
		{236485C2-A7BA-4DCD-808A-B3A634764402}.Debug|x64.ActiveCfg = Debug|x86
		{236485C2-A7BA-4DCD-808A-B3A634764402}.Debug|x86.ActiveCfg = Debug|x86
		{236485C2-A7BA-4DCD-808A-B3A634764402}.Debug|x86.Build.0 = Debug|x86
		{236485C2-A7BA-4DCD-808A-B3A634764402}.Release|Any CPU.ActiveCfg = Release|x86
		{236485C2-A7BA-4DCD-808A-B3A634764402}.Release|Mixed Platforms.ActiveCfg = Release|x86
		{236485C2-A7BA-4DCD-808A-B3A634764402}.Release|Mixed Platforms.Build.0 = Release|x86
		{236485C2-A7BA-4DCD-808A-B3A634764402}.Release|x64.ActiveCfg = Release|x86
		{236485C2-A7BA-4DCD-808A-B3A634764402}.Release|x86.ActiveCfg = Release|x86
		{236485C2-A7BA-4DCD-808A-B3A634764402}.Release|x86.Build.0 = Release|x86
	EndGlobalSection
	GlobalSection(SolutionProperties) = preSolution
		HideSolutionNode = FALSE
	EndGlobalSection
	GlobalSection(ExtensibilityGlobals) = postSolution
		SolutionGuid = {BBAB242F-E9E5-4E4D-8C3F-04E45731F725}
	EndGlobalSection
EndGlobal
